
Microsoft Visual Studio Solution File, Format Version 12.00
# Visual Studio 14
VisualStudioVersion = 14.0.24720.0
MinimumVisualStudioVersion = 10.0.40219.1
Project("{FAE04EC0-301F-11D3-BF4B-00C04F79EFBC}") = "StudentPortal", "StudentPortal\StudentPortal.csproj", "{375324D6-84EB-4AB6-8C95-67DD36F787AB}"
EndProject
Global
	GlobalSection(SolutionConfigurationPlatforms) = preSolution
		Debug|Any CPU = Debug|Any CPU
		Release|Any CPU = Release|Any CPU
	EndGlobalSection
	GlobalSection(ProjectConfigurationPlatforms) = postSolution
		{375324D6-84EB-4AB6-8C95-67DD36F787AB}.Debug|Any CPU.ActiveCfg = Debug|Any CPU
		{375324D6-84EB-4AB6-8C95-67DD36F787AB}.Debug|Any CPU.Build.0 = Debug|Any CPU
		{375324D6-84EB-4AB6-8C95-67DD36F787AB}.Release|Any CPU.ActiveCfg = Release|Any CPU
		{375324D6-84EB-4AB6-8C95-67DD36F787AB}.Release|Any CPU.Build.0 = Release|Any CPU
	EndGlobalSection
	GlobalSection(SolutionProperties) = preSolution
		HideSolutionNode = FALSE
	EndGlobalSection
EndGlobal
